
Microsoft Visual Studio Solution File, Format Version 12.00
# Visual Studio Version 16
VisualStudioVersion = 16.0.30330.147
MinimumVisualStudioVersion = 10.0.40219.1
Project("{9A19103F-16F7-4668-BE54-9A1E7A4F7556}") = "mShop.Data", "mShop.Data\mShop.Data.csproj", "{8496C862-1D33-4D97-9D71-6C593575C3DA}"
EndProject
Project("{9A19103F-16F7-4668-BE54-9A1E7A4F7556}") = "mShop.Application", "mShop.Application\mShop.Application.csproj", "{903AAFAA-478B-4E7A-94B5-3523DAE6CC98}"
EndProject
Project("{9A19103F-16F7-4668-BE54-9A1E7A4F7556}") = "mShop.Ultilities", "mShop.Ultilities\mShop.Ultilities.csproj", "{022D349A-2B4C-40EE-BB07-2FA9577739A9}"
EndProject
Project("{9A19103F-16F7-4668-BE54-9A1E7A4F7556}") = "mShop.ViewModel", "mShop.ViewModel\mShop.ViewModel.csproj", "{B3530BA5-8B6E-4858-AB28-650894778AF9}"
EndProject
Project("{9A19103F-16F7-4668-BE54-9A1E7A4F7556}") = "mShop.BackendApi", "mShop.BackendApi\mShop.BackendApi.csproj", "{D075A714-79D4-48F6-88FB-50DF9D99A77A}"
EndProject
Project("{2150E333-8FDC-42A3-9474-1A3956D46DE8}") = "0.Solution Items", "0.Solution Items", "{18CF657C-FFD3-4431-94E1-072E88D0526B}"
	ProjectSection(SolutionItems) = preProject
		.editorconfig = .editorconfig
	EndProjectSection
EndProject
Project("{2150E333-8FDC-42A3-9474-1A3956D46DE8}") = "1.Infuctructure", "1.Infuctructure", "{ACDB07C3-51E3-4DE7-91DE-C2A54F4741BF}"
EndProject
Project("{2150E333-8FDC-42A3-9474-1A3956D46DE8}") = "2.Domain", "2.Domain", "{A58643CD-C045-4004-9730-64486600FB4E}"
EndProject
Project("{2150E333-8FDC-42A3-9474-1A3956D46DE8}") = "3.Hosts", "3.Hosts", "{5C066AAD-6BFC-4F77-9B09-9729A8E30394}"
EndProject
Project("{9A19103F-16F7-4668-BE54-9A1E7A4F7556}") = "mShop.AdminApp", "mShop.AdminApp\mShop.AdminApp.csproj", "{D64D7F55-3EF4-4BD8-A5B2-85C4BE9BAED2}"
EndProject
Global
	GlobalSection(SolutionConfigurationPlatforms) = preSolution
		Debug|Any CPU = Debug|Any CPU
		Release|Any CPU = Release|Any CPU
	EndGlobalSection
	GlobalSection(ProjectConfigurationPlatforms) = postSolution
		{8496C862-1D33-4D97-9D71-6C593575C3DA}.Debug|Any CPU.ActiveCfg = Debug|Any CPU
		{8496C862-1D33-4D97-9D71-6C593575C3DA}.Debug|Any CPU.Build.0 = Debug|Any CPU
		{8496C862-1D33-4D97-9D71-6C593575C3DA}.Release|Any CPU.ActiveCfg = Release|Any CPU
		{8496C862-1D33-4D97-9D71-6C593575C3DA}.Release|Any CPU.Build.0 = Release|Any CPU
		{903AAFAA-478B-4E7A-94B5-3523DAE6CC98}.Debug|Any CPU.ActiveCfg = Debug|Any CPU
		{903AAFAA-478B-4E7A-94B5-3523DAE6CC98}.Debug|Any CPU.Build.0 = Debug|Any CPU
		{903AAFAA-478B-4E7A-94B5-3523DAE6CC98}.Release|Any CPU.ActiveCfg = Release|Any CPU
		{903AAFAA-478B-4E7A-94B5-3523DAE6CC98}.Release|Any CPU.Build.0 = Release|Any CPU
		{022D349A-2B4C-40EE-BB07-2FA9577739A9}.Debug|Any CPU.ActiveCfg = Debug|Any CPU
		{022D349A-2B4C-40EE-BB07-2FA9577739A9}.Debug|Any CPU.Build.0 = Debug|Any CPU
		{022D349A-2B4C-40EE-BB07-2FA9577739A9}.Release|Any CPU.ActiveCfg = Release|Any CPU
		{022D349A-2B4C-40EE-BB07-2FA9577739A9}.Release|Any CPU.Build.0 = Release|Any CPU
		{B3530BA5-8B6E-4858-AB28-650894778AF9}.Debug|Any CPU.ActiveCfg = Debug|Any CPU
		{B3530BA5-8B6E-4858-AB28-650894778AF9}.Debug|Any CPU.Build.0 = Debug|Any CPU
		{B3530BA5-8B6E-4858-AB28-650894778AF9}.Release|Any CPU.ActiveCfg = Release|Any CPU
		{B3530BA5-8B6E-4858-AB28-650894778AF9}.Release|Any CPU.Build.0 = Release|Any CPU
		{D075A714-79D4-48F6-88FB-50DF9D99A77A}.Debug|Any CPU.ActiveCfg = Debug|Any CPU
		{D075A714-79D4-48F6-88FB-50DF9D99A77A}.Debug|Any CPU.Build.0 = Debug|Any CPU
		{D075A714-79D4-48F6-88FB-50DF9D99A77A}.Release|Any CPU.ActiveCfg = Release|Any CPU
		{D075A714-79D4-48F6-88FB-50DF9D99A77A}.Release|Any CPU.Build.0 = Release|Any CPU
		{D64D7F55-3EF4-4BD8-A5B2-85C4BE9BAED2}.Debug|Any CPU.ActiveCfg = Debug|Any CPU
		{D64D7F55-3EF4-4BD8-A5B2-85C4BE9BAED2}.Debug|Any CPU.Build.0 = Debug|Any CPU
		{D64D7F55-3EF4-4BD8-A5B2-85C4BE9BAED2}.Release|Any CPU.ActiveCfg = Release|Any CPU
		{D64D7F55-3EF4-4BD8-A5B2-85C4BE9BAED2}.Release|Any CPU.Build.0 = Release|Any CPU
	EndGlobalSection
	GlobalSection(SolutionProperties) = preSolution
		HideSolutionNode = FALSE
	EndGlobalSection
	GlobalSection(NestedProjects) = preSolution
		{8496C862-1D33-4D97-9D71-6C593575C3DA} = {A58643CD-C045-4004-9730-64486600FB4E}
		{903AAFAA-478B-4E7A-94B5-3523DAE6CC98} = {A58643CD-C045-4004-9730-64486600FB4E}
		{022D349A-2B4C-40EE-BB07-2FA9577739A9} = {ACDB07C3-51E3-4DE7-91DE-C2A54F4741BF}
		{B3530BA5-8B6E-4858-AB28-650894778AF9} = {ACDB07C3-51E3-4DE7-91DE-C2A54F4741BF}
		{D075A714-79D4-48F6-88FB-50DF9D99A77A} = {5C066AAD-6BFC-4F77-9B09-9729A8E30394}
		{D64D7F55-3EF4-4BD8-A5B2-85C4BE9BAED2} = {5C066AAD-6BFC-4F77-9B09-9729A8E30394}
	EndGlobalSection
	GlobalSection(ExtensibilityGlobals) = postSolution
		SolutionGuid = {D24C1F33-7D25-4633-895A-1F6EE535074C}
	EndGlobalSection
EndGlobal
